
Microsoft Visual Studio Solution File, Format Version 12.00
# Visual Studio 15
VisualStudioVersion = 15.0.28307.757
MinimumVisualStudioVersion = 10.0.40219.1
Project("{FAE04EC0-301F-11D3-BF4B-00C04F79EFBC}") = "TriFibonacci", "TriFibonacci\TriFibonacci.csproj", "{B4A5A7D2-7155-410B-A764-DAA926B4D4A4}"
EndProject
Project("{FAE04EC0-301F-11D3-BF4B-00C04F79EFBC}") = "XUnitTestProject1", "XUnitTestProject1\XUnitTestProject1.csproj", "{C200B050-3458-4309-BBD3-91BDF7C49BE7}"
EndProject
Global
	GlobalSection(SolutionConfigurationPlatforms) = preSolution
		Debug|Any CPU = Debug|Any CPU
		Release|Any CPU = Release|Any CPU
	EndGlobalSection
	GlobalSection(ProjectConfigurationPlatforms) = postSolution
		{B4A5A7D2-7155-410B-A764-DAA926B4D4A4}.Debug|Any CPU.ActiveCfg = Debug|Any CPU
		{B4A5A7D2-7155-410B-A764-DAA926B4D4A4}.Debug|Any CPU.Build.0 = Debug|Any CPU
		{B4A5A7D2-7155-410B-A764-DAA926B4D4A4}.Release|Any CPU.ActiveCfg = Release|Any CPU
		{B4A5A7D2-7155-410B-A764-DAA926B4D4A4}.Release|Any CPU.Build.0 = Release|Any CPU
		{C200B050-3458-4309-BBD3-91BDF7C49BE7}.Debug|Any CPU.ActiveCfg = Debug|Any CPU
		{C200B050-3458-4309-BBD3-91BDF7C49BE7}.Debug|Any CPU.Build.0 = Debug|Any CPU
		{C200B050-3458-4309-BBD3-91BDF7C49BE7}.Release|Any CPU.ActiveCfg = Release|Any CPU
		{C200B050-3458-4309-BBD3-91BDF7C49BE7}.Release|Any CPU.Build.0 = Release|Any CPU
	EndGlobalSection
	GlobalSection(SolutionProperties) = preSolution
		HideSolutionNode = FALSE
	EndGlobalSection
	GlobalSection(ExtensibilityGlobals) = postSolution
		SolutionGuid = {EFF72045-9E89-499D-8728-60FC15D0D759}
	EndGlobalSection
EndGlobal
